
Microsoft Visual Studio Solution File, Format Version 12.00
# Visual Studio Version 17
VisualStudioVersion = 17.11.35312.102
MinimumVisualStudioVersion = 10.0.40219.1
Project("{FAE04EC0-301F-11D3-BF4B-00C04F79EFBC}") = "Tarea1.1_Ejercicio", "Tarea1.1_Ejercicio.csproj", "{6CCC7760-71F3-446E-9BED-57DEADBFEAFC}"
EndProject
Global
	GlobalSection(SolutionConfigurationPlatforms) = preSolution
		Debug|Any CPU = Debug|Any CPU
		Release|Any CPU = Release|Any CPU
	EndGlobalSection
	GlobalSection(ProjectConfigurationPlatforms) = postSolution
		{6CCC7760-71F3-446E-9BED-57DEADBFEAFC}.Debug|Any CPU.ActiveCfg = Debug|Any CPU
		{6CCC7760-71F3-446E-9BED-57DEADBFEAFC}.Debug|Any CPU.Build.0 = Debug|Any CPU
		{6CCC7760-71F3-446E-9BED-57DEADBFEAFC}.Debug|Any CPU.Deploy.0 = Debug|Any CPU
		{6CCC7760-71F3-446E-9BED-57DEADBFEAFC}.Release|Any CPU.ActiveCfg = Release|Any CPU
		{6CCC7760-71F3-446E-9BED-57DEADBFEAFC}.Release|Any CPU.Build.0 = Release|Any CPU
		{6CCC7760-71F3-446E-9BED-57DEADBFEAFC}.Release|Any CPU.Deploy.0 = Release|Any CPU
	EndGlobalSection
	GlobalSection(SolutionProperties) = preSolution
		HideSolutionNode = FALSE
	EndGlobalSection
	GlobalSection(ExtensibilityGlobals) = postSolution
		SolutionGuid = {DA50926F-B88D-4B5A-AFCC-AEAEDCE4D03B}
	EndGlobalSection
EndGlobal
